
Microsoft Visual Studio Solution File, Format Version 12.00
# Visual Studio Version 17
VisualStudioVersion = 17.7.34024.191
MinimumVisualStudioVersion = 10.0.40219.1
Project("{FAE04EC0-301F-11D3-BF4B-00C04F79EFBC}") = "StudentMedicalCertificateSystem", "StudentMedicalCertificateSystem\StudentMedicalCertificateSystem.csproj", "{E7EA9BD3-4F86-432F-BFF6-4AE39B3E106E}"
EndProject
Global
	GlobalSection(SolutionConfigurationPlatforms) = preSolution
		Debug|Any CPU = Debug|Any CPU
		Release|Any CPU = Release|Any CPU
	EndGlobalSection
	GlobalSection(ProjectConfigurationPlatforms) = postSolution
		{E7EA9BD3-4F86-432F-BFF6-4AE39B3E106E}.Debug|Any CPU.ActiveCfg = Debug|Any CPU
		{E7EA9BD3-4F86-432F-BFF6-4AE39B3E106E}.Debug|Any CPU.Build.0 = Debug|Any CPU
		{E7EA9BD3-4F86-432F-BFF6-4AE39B3E106E}.Release|Any CPU.ActiveCfg = Release|Any CPU
		{E7EA9BD3-4F86-432F-BFF6-4AE39B3E106E}.Release|Any CPU.Build.0 = Release|Any CPU
	EndGlobalSection
	GlobalSection(SolutionProperties) = preSolution
		HideSolutionNode = FALSE
	EndGlobalSection
	GlobalSection(ExtensibilityGlobals) = postSolution
		SolutionGuid = {1ED36343-1A8B-4E74-9761-BD7AB71BEE6F}
	EndGlobalSection
EndGlobal
